
Microsoft Visual Studio Solution File, Format Version 11.00
# Visual Studio 2010
Project("{FAE04EC0-301F-11D3-BF4B-00C04F79EFBC}") = "RabbitMqTesting", "RabbitMqTesting\RabbitMqTesting.csproj", "{025E3F43-72CF-47D1-B973-2FE452667CE5}"
EndProject
Project("{FAE04EC0-301F-11D3-BF4B-00C04F79EFBC}") = "RabbitMqClientApplication", "RabbitMqClientApplication\RabbitMqClientApplication.csproj", "{3D44868F-EF7A-46DB-A203-C85F82D76B79}"
EndProject
Global
	GlobalSection(SolutionConfigurationPlatforms) = preSolution
		Debug|Any CPU = Debug|Any CPU
		Release|Any CPU = Release|Any CPU
	EndGlobalSection
	GlobalSection(ProjectConfigurationPlatforms) = postSolution
		{025E3F43-72CF-47D1-B973-2FE452667CE5}.Debug|Any CPU.ActiveCfg = Debug|Any CPU
		{025E3F43-72CF-47D1-B973-2FE452667CE5}.Debug|Any CPU.Build.0 = Debug|Any CPU
		{025E3F43-72CF-47D1-B973-2FE452667CE5}.Release|Any CPU.ActiveCfg = Release|Any CPU
		{025E3F43-72CF-47D1-B973-2FE452667CE5}.Release|Any CPU.Build.0 = Release|Any CPU
		{3D44868F-EF7A-46DB-A203-C85F82D76B79}.Debug|Any CPU.ActiveCfg = Debug|Any CPU
		{3D44868F-EF7A-46DB-A203-C85F82D76B79}.Debug|Any CPU.Build.0 = Debug|Any CPU
		{3D44868F-EF7A-46DB-A203-C85F82D76B79}.Release|Any CPU.ActiveCfg = Release|Any CPU
		{3D44868F-EF7A-46DB-A203-C85F82D76B79}.Release|Any CPU.Build.0 = Release|Any CPU
	EndGlobalSection
	GlobalSection(MonoDevelopProperties) = preSolution
		StartupItem = RabbitMqClientApplication\RabbitMqClientApplication.csproj
	EndGlobalSection
EndGlobal
